
Microsoft Visual Studio Solution File, Format Version 12.00
# Visual Studio Version 16
VisualStudioVersion = 16.0.31105.61
MinimumVisualStudioVersion = 10.0.40219.1
Project("{8BC9CEB8-8B4A-11D0-8D11-00A0C91BC942}") = "World of Tanks", "World of Tanks\World of Tanks.vcxproj", "{868166A1-411B-4E1E-90AA-055A7681CB86}"
EndProject
Global
	GlobalSection(SolutionConfigurationPlatforms) = preSolution
		Debug|x64 = Debug|x64
		Debug|x86 = Debug|x86
		Release|x64 = Release|x64
		Release|x86 = Release|x86
	EndGlobalSection
	GlobalSection(ProjectConfigurationPlatforms) = postSolution
		{868166A1-411B-4E1E-90AA-055A7681CB86}.Debug|x64.ActiveCfg = Debug|x64
		{868166A1-411B-4E1E-90AA-055A7681CB86}.Debug|x64.Build.0 = Debug|x64
		{868166A1-411B-4E1E-90AA-055A7681CB86}.Debug|x86.ActiveCfg = Debug|Win32
		{868166A1-411B-4E1E-90AA-055A7681CB86}.Debug|x86.Build.0 = Debug|Win32
		{868166A1-411B-4E1E-90AA-055A7681CB86}.Release|x64.ActiveCfg = Release|x64
		{868166A1-411B-4E1E-90AA-055A7681CB86}.Release|x64.Build.0 = Release|x64
		{868166A1-411B-4E1E-90AA-055A7681CB86}.Release|x86.ActiveCfg = Release|Win32
		{868166A1-411B-4E1E-90AA-055A7681CB86}.Release|x86.Build.0 = Release|Win32
	EndGlobalSection
	GlobalSection(SolutionProperties) = preSolution
		HideSolutionNode = FALSE
	EndGlobalSection
	GlobalSection(ExtensibilityGlobals) = postSolution
		SolutionGuid = {C9DE4916-7441-43E8-9E11-4FD643759D1D}
	EndGlobalSection
EndGlobal
